
Microsoft Visual Studio Solution File, Format Version 12.00
# Visual Studio Version 17
VisualStudioVersion = 17.0.31903.59
MinimumVisualStudioVersion = 10.0.40219.1
Project("{FAE04EC0-301F-11D3-BF4B-00C04F79EFBC}") = "AppDimens.Sdps.Binding", "AppDimens.Sdps.Binding\AppDimens.Sdps.Binding.csproj", "{F3046E4F-1212-4FF0-83E4-FCC1B7E6CE4E}"
EndProject
Project("{FAE04EC0-301F-11D3-BF4B-00C04F79EFBC}") = "AppDimens.Sdps.SmokeTest", "AppDimens.Sdps.SmokeTest\AppDimens.Sdps.SmokeTest.csproj", "{DE00020F-52C8-4F01-BB7D-B807EFAB244D}"
EndProject
Global
	GlobalSection(SolutionConfigurationPlatforms) = preSolution
		Debug|Any CPU = Debug|Any CPU
		Release|Any CPU = Release|Any CPU
	EndGlobalSection
	GlobalSection(SolutionProperties) = preSolution
		HideSolutionNode = FALSE
	EndGlobalSection
	GlobalSection(ProjectConfigurationPlatforms) = postSolution
		{F3046E4F-1212-4FF0-83E4-FCC1B7E6CE4E}.Debug|Any CPU.ActiveCfg = Debug|Any CPU
		{F3046E4F-1212-4FF0-83E4-FCC1B7E6CE4E}.Debug|Any CPU.Build.0 = Debug|Any CPU
		{F3046E4F-1212-4FF0-83E4-FCC1B7E6CE4E}.Release|Any CPU.ActiveCfg = Release|Any CPU
		{F3046E4F-1212-4FF0-83E4-FCC1B7E6CE4E}.Release|Any CPU.Build.0 = Release|Any CPU
		{DE00020F-52C8-4F01-BB7D-B807EFAB244D}.Debug|Any CPU.ActiveCfg = Debug|Any CPU
		{DE00020F-52C8-4F01-BB7D-B807EFAB244D}.Debug|Any CPU.Build.0 = Debug|Any CPU
		{DE00020F-52C8-4F01-BB7D-B807EFAB244D}.Release|Any CPU.ActiveCfg = Release|Any CPU
		{DE00020F-52C8-4F01-BB7D-B807EFAB244D}.Release|Any CPU.Build.0 = Release|Any CPU
	EndGlobalSection
EndGlobal
